
Microsoft Visual Studio Solution File, Format Version 12.00
# Visual Studio 15
VisualStudioVersion = 15.0.33026.149
MinimumVisualStudioVersion = 10.0.40219.1
Project("{FAE04EC0-301F-11D3-BF4B-00C04F79EFBC}") = "01Triangulo", "01Triangulo\01Triangulo.csproj", "{BEF8DE80-6984-4C5F-930C-BF403BE3248C}"
EndProject
Project("{FAE04EC0-301F-11D3-BF4B-00C04F79EFBC}") = "02Estoque", "02Estoque\02Estoque.csproj", "{2F9192D6-EDFC-4AD8-A772-E2A8C119224F}"
EndProject
Project("{FAE04EC0-301F-11D3-BF4B-00C04F79EFBC}") = "03CotacaoDolar", "03CotacaoDolar\03CotacaoDolar.csproj", "{8173436F-82F6-44A6-877D-AF758FFFF6DD}"
EndProject
Project("{FAE04EC0-301F-11D3-BF4B-00C04F79EFBC}") = "04Aluguel", "04Aluguel\04Aluguel.csproj", "{D41E05D2-2532-49F0-9B18-985EE6B5B417}"
EndProject
Project("{FAE04EC0-301F-11D3-BF4B-00C04F79EFBC}") = "05Banco", "05Banco\05Banco.csproj", "{7CF7FF56-1FA5-4F66-B492-05AC8EFFDB86}"
EndProject
Project("{FAE04EC0-301F-11D3-BF4B-00C04F79EFBC}") = "06EmployeeList", "06EmployeeList\06EmployeeList.csproj", "{6CC67AF3-DAEA-4D03-B450-1C53027D47FE}"
EndProject
Project("{FAE04EC0-301F-11D3-BF4B-00C04F79EFBC}") = "07Matriz", "07Matriz\07Matriz.csproj", "{D5C06997-A0BA-4665-95F2-7C93A2556FE9}"
EndProject
Project("{FAE04EC0-301F-11D3-BF4B-00C04F79EFBC}") = "08EnumsComposition", "08EnumsComposition\08EnumsComposition.csproj", "{2C647E6E-A46D-4FCE-AF85-80EA49990F61}"
EndProject
Project("{FAE04EC0-301F-11D3-BF4B-00C04F79EFBC}") = "09Polymorphism", "09Polymorphism\09Polymorphism.csproj", "{74340C97-1659-4B41-BC13-2D11C62D32F3}"
EndProject
Project("{FAE04EC0-301F-11D3-BF4B-00C04F79EFBC}") = "10Exceptions", "10Exceptions\10Exceptions.csproj", "{EB0F250C-FAFA-46F7-8B7F-6CC886976FA1}"
EndProject
Project("{FAE04EC0-301F-11D3-BF4B-00C04F79EFBC}") = "11Files", "11Files\11Files.csproj", "{77DA93E8-3926-471F-8134-A6CFBBBCFB81}"
EndProject
Project("{FAE04EC0-301F-11D3-BF4B-00C04F79EFBC}") = "12Interfaces", "12Interfaces\12Interfaces.csproj", "{95CB289B-CF54-4DFE-865E-9CBC0FA34B2D}"
EndProject
Project("{FAE04EC0-301F-11D3-BF4B-00C04F79EFBC}") = "13Generics", "13Generics\13Generics.csproj", "{3075A7A6-696E-4B02-93E2-8B439ABA551E}"
EndProject
Project("{FAE04EC0-301F-11D3-BF4B-00C04F79EFBC}") = "14Dictionary", "14Dictionary\14Dictionary.csproj", "{470E1457-A58B-4C08-A307-07BFDB9347CB}"
EndProject
Global
	GlobalSection(SolutionConfigurationPlatforms) = preSolution
		Debug|Any CPU = Debug|Any CPU
		Release|Any CPU = Release|Any CPU
	EndGlobalSection
	GlobalSection(ProjectConfigurationPlatforms) = postSolution
		{BEF8DE80-6984-4C5F-930C-BF403BE3248C}.Debug|Any CPU.ActiveCfg = Debug|Any CPU
		{BEF8DE80-6984-4C5F-930C-BF403BE3248C}.Debug|Any CPU.Build.0 = Debug|Any CPU
		{BEF8DE80-6984-4C5F-930C-BF403BE3248C}.Release|Any CPU.ActiveCfg = Release|Any CPU
		{BEF8DE80-6984-4C5F-930C-BF403BE3248C}.Release|Any CPU.Build.0 = Release|Any CPU
		{2F9192D6-EDFC-4AD8-A772-E2A8C119224F}.Debug|Any CPU.ActiveCfg = Debug|Any CPU
		{2F9192D6-EDFC-4AD8-A772-E2A8C119224F}.Debug|Any CPU.Build.0 = Debug|Any CPU
		{2F9192D6-EDFC-4AD8-A772-E2A8C119224F}.Release|Any CPU.ActiveCfg = Release|Any CPU
		{2F9192D6-EDFC-4AD8-A772-E2A8C119224F}.Release|Any CPU.Build.0 = Release|Any CPU
		{8173436F-82F6-44A6-877D-AF758FFFF6DD}.Debug|Any CPU.ActiveCfg = Debug|Any CPU
		{8173436F-82F6-44A6-877D-AF758FFFF6DD}.Debug|Any CPU.Build.0 = Debug|Any CPU
		{8173436F-82F6-44A6-877D-AF758FFFF6DD}.Release|Any CPU.ActiveCfg = Release|Any CPU
		{8173436F-82F6-44A6-877D-AF758FFFF6DD}.Release|Any CPU.Build.0 = Release|Any CPU
		{D41E05D2-2532-49F0-9B18-985EE6B5B417}.Debug|Any CPU.ActiveCfg = Debug|Any CPU
		{D41E05D2-2532-49F0-9B18-985EE6B5B417}.Debug|Any CPU.Build.0 = Debug|Any CPU
		{D41E05D2-2532-49F0-9B18-985EE6B5B417}.Release|Any CPU.ActiveCfg = Release|Any CPU
		{D41E05D2-2532-49F0-9B18-985EE6B5B417}.Release|Any CPU.Build.0 = Release|Any CPU
		{7CF7FF56-1FA5-4F66-B492-05AC8EFFDB86}.Debug|Any CPU.ActiveCfg = Debug|Any CPU
		{7CF7FF56-1FA5-4F66-B492-05AC8EFFDB86}.Debug|Any CPU.Build.0 = Debug|Any CPU
		{7CF7FF56-1FA5-4F66-B492-05AC8EFFDB86}.Release|Any CPU.ActiveCfg = Release|Any CPU
		{7CF7FF56-1FA5-4F66-B492-05AC8EFFDB86}.Release|Any CPU.Build.0 = Release|Any CPU
		{6CC67AF3-DAEA-4D03-B450-1C53027D47FE}.Debug|Any CPU.ActiveCfg = Debug|Any CPU
		{6CC67AF3-DAEA-4D03-B450-1C53027D47FE}.Debug|Any CPU.Build.0 = Debug|Any CPU
		{6CC67AF3-DAEA-4D03-B450-1C53027D47FE}.Release|Any CPU.ActiveCfg = Release|Any CPU
		{6CC67AF3-DAEA-4D03-B450-1C53027D47FE}.Release|Any CPU.Build.0 = Release|Any CPU
		{D5C06997-A0BA-4665-95F2-7C93A2556FE9}.Debug|Any CPU.ActiveCfg = Debug|Any CPU
		{D5C06997-A0BA-4665-95F2-7C93A2556FE9}.Debug|Any CPU.Build.0 = Debug|Any CPU
		{D5C06997-A0BA-4665-95F2-7C93A2556FE9}.Release|Any CPU.ActiveCfg = Release|Any CPU
		{D5C06997-A0BA-4665-95F2-7C93A2556FE9}.Release|Any CPU.Build.0 = Release|Any CPU
		{2C647E6E-A46D-4FCE-AF85-80EA49990F61}.Debug|Any CPU.ActiveCfg = Debug|Any CPU
		{2C647E6E-A46D-4FCE-AF85-80EA49990F61}.Debug|Any CPU.Build.0 = Debug|Any CPU
		{2C647E6E-A46D-4FCE-AF85-80EA49990F61}.Release|Any CPU.ActiveCfg = Release|Any CPU
		{2C647E6E-A46D-4FCE-AF85-80EA49990F61}.Release|Any CPU.Build.0 = Release|Any CPU
		{74340C97-1659-4B41-BC13-2D11C62D32F3}.Debug|Any CPU.ActiveCfg = Debug|Any CPU
		{74340C97-1659-4B41-BC13-2D11C62D32F3}.Debug|Any CPU.Build.0 = Debug|Any CPU
		{74340C97-1659-4B41-BC13-2D11C62D32F3}.Release|Any CPU.ActiveCfg = Release|Any CPU
		{74340C97-1659-4B41-BC13-2D11C62D32F3}.Release|Any CPU.Build.0 = Release|Any CPU
		{EB0F250C-FAFA-46F7-8B7F-6CC886976FA1}.Debug|Any CPU.ActiveCfg = Debug|Any CPU
		{EB0F250C-FAFA-46F7-8B7F-6CC886976FA1}.Debug|Any CPU.Build.0 = Debug|Any CPU
		{EB0F250C-FAFA-46F7-8B7F-6CC886976FA1}.Release|Any CPU.ActiveCfg = Release|Any CPU
		{EB0F250C-FAFA-46F7-8B7F-6CC886976FA1}.Release|Any CPU.Build.0 = Release|Any CPU
		{77DA93E8-3926-471F-8134-A6CFBBBCFB81}.Debug|Any CPU.ActiveCfg = Debug|Any CPU
		{77DA93E8-3926-471F-8134-A6CFBBBCFB81}.Debug|Any CPU.Build.0 = Debug|Any CPU
		{77DA93E8-3926-471F-8134-A6CFBBBCFB81}.Release|Any CPU.ActiveCfg = Release|Any CPU
		{77DA93E8-3926-471F-8134-A6CFBBBCFB81}.Release|Any CPU.Build.0 = Release|Any CPU
		{95CB289B-CF54-4DFE-865E-9CBC0FA34B2D}.Debug|Any CPU.ActiveCfg = Debug|Any CPU
		{95CB289B-CF54-4DFE-865E-9CBC0FA34B2D}.Debug|Any CPU.Build.0 = Debug|Any CPU
		{95CB289B-CF54-4DFE-865E-9CBC0FA34B2D}.Release|Any CPU.ActiveCfg = Release|Any CPU
		{95CB289B-CF54-4DFE-865E-9CBC0FA34B2D}.Release|Any CPU.Build.0 = Release|Any CPU
		{3075A7A6-696E-4B02-93E2-8B439ABA551E}.Debug|Any CPU.ActiveCfg = Debug|Any CPU
		{3075A7A6-696E-4B02-93E2-8B439ABA551E}.Debug|Any CPU.Build.0 = Debug|Any CPU
		{3075A7A6-696E-4B02-93E2-8B439ABA551E}.Release|Any CPU.ActiveCfg = Release|Any CPU
		{3075A7A6-696E-4B02-93E2-8B439ABA551E}.Release|Any CPU.Build.0 = Release|Any CPU
		{470E1457-A58B-4C08-A307-07BFDB9347CB}.Debug|Any CPU.ActiveCfg = Debug|Any CPU
		{470E1457-A58B-4C08-A307-07BFDB9347CB}.Debug|Any CPU.Build.0 = Debug|Any CPU
		{470E1457-A58B-4C08-A307-07BFDB9347CB}.Release|Any CPU.ActiveCfg = Release|Any CPU
		{470E1457-A58B-4C08-A307-07BFDB9347CB}.Release|Any CPU.Build.0 = Release|Any CPU
	EndGlobalSection
	GlobalSection(SolutionProperties) = preSolution
		HideSolutionNode = FALSE
	EndGlobalSection
	GlobalSection(ExtensibilityGlobals) = postSolution
		SolutionGuid = {2B4ADEAC-3670-4BB8-BB4E-09B9DE7CE2E7}
	EndGlobalSection
EndGlobal
